
Microsoft Visual Studio Solution File, Format Version 12.00
# Visual Studio Version 17
VisualStudioVersion = 17.3.32922.545
MinimumVisualStudioVersion = 10.0.40219.1
Project("{FAE04EC0-301F-11D3-BF4B-00C04F79EFBC}") = "DooGame", "DooGame\DooGame.csproj", "{1F04CA59-75BD-4AAB-B96D-3394AA74E01E}"
EndProject
Global
	GlobalSection(SolutionConfigurationPlatforms) = preSolution
		Debug|Any CPU = Debug|Any CPU
		Release|Any CPU = Release|Any CPU
	EndGlobalSection
	GlobalSection(ProjectConfigurationPlatforms) = postSolution
		{1F04CA59-75BD-4AAB-B96D-3394AA74E01E}.Debug|Any CPU.ActiveCfg = Debug|Any CPU
		{1F04CA59-75BD-4AAB-B96D-3394AA74E01E}.Debug|Any CPU.Build.0 = Debug|Any CPU
		{1F04CA59-75BD-4AAB-B96D-3394AA74E01E}.Release|Any CPU.ActiveCfg = Release|Any CPU
		{1F04CA59-75BD-4AAB-B96D-3394AA74E01E}.Release|Any CPU.Build.0 = Release|Any CPU
	EndGlobalSection
	GlobalSection(SolutionProperties) = preSolution
		HideSolutionNode = FALSE
	EndGlobalSection
	GlobalSection(ExtensibilityGlobals) = postSolution
		SolutionGuid = {BC83D9BA-8BA4-4C1E-B53A-9868E545B121}
	EndGlobalSection
EndGlobal
